
Microsoft Visual Studio Solution File, Format Version 12.00
# Visual Studio Version 17
VisualStudioVersion = 17.3.32819.101
MinimumVisualStudioVersion = 10.0.40219.1
Project("{FAE04EC0-301F-11D3-BF4B-00C04F79EFBC}") = "CRUDCristianHP", "CRUDCristianHP\CRUDCristianHP.csproj", "{C1936A30-7B7D-4DE4-93BE-E442043EAADA}"
EndProject
Global
	GlobalSection(SolutionConfigurationPlatforms) = preSolution
		Debug|Any CPU = Debug|Any CPU
		Release|Any CPU = Release|Any CPU
	EndGlobalSection
	GlobalSection(ProjectConfigurationPlatforms) = postSolution
		{C1936A30-7B7D-4DE4-93BE-E442043EAADA}.Debug|Any CPU.ActiveCfg = Debug|Any CPU
		{C1936A30-7B7D-4DE4-93BE-E442043EAADA}.Debug|Any CPU.Build.0 = Debug|Any CPU
		{C1936A30-7B7D-4DE4-93BE-E442043EAADA}.Release|Any CPU.ActiveCfg = Release|Any CPU
		{C1936A30-7B7D-4DE4-93BE-E442043EAADA}.Release|Any CPU.Build.0 = Release|Any CPU
	EndGlobalSection
	GlobalSection(SolutionProperties) = preSolution
		HideSolutionNode = FALSE
	EndGlobalSection
	GlobalSection(ExtensibilityGlobals) = postSolution
		SolutionGuid = {3FA9BC19-28E8-493B-9924-9D7076929D72}
	EndGlobalSection
EndGlobal
